
Microsoft Visual Studio Solution File, Format Version 12.00
# Visual Studio Version 16
VisualStudioVersion = 16.0.31402.337
MinimumVisualStudioVersion = 10.0.40219.1
Project("{FAE04EC0-301F-11D3-BF4B-00C04F79EFBC}") = "CS_pro", "CS_pro.csproj", "{37E28146-1D22-4426-969C-C52D54C92AA4}"
EndProject
Global
	GlobalSection(SolutionConfigurationPlatforms) = preSolution
		Debug|Any CPU = Debug|Any CPU
		Release|Any CPU = Release|Any CPU
	EndGlobalSection
	GlobalSection(ProjectConfigurationPlatforms) = postSolution
		{37E28146-1D22-4426-969C-C52D54C92AA4}.Debug|Any CPU.ActiveCfg = Debug|Any CPU
		{37E28146-1D22-4426-969C-C52D54C92AA4}.Debug|Any CPU.Build.0 = Debug|Any CPU
		{37E28146-1D22-4426-969C-C52D54C92AA4}.Release|Any CPU.ActiveCfg = Release|Any CPU
		{37E28146-1D22-4426-969C-C52D54C92AA4}.Release|Any CPU.Build.0 = Release|Any CPU
	EndGlobalSection
	GlobalSection(SolutionProperties) = preSolution
		HideSolutionNode = FALSE
	EndGlobalSection
	GlobalSection(ExtensibilityGlobals) = postSolution
		SolutionGuid = {73018A52-FA1E-4833-A443-FA88F5DBB43E}
	EndGlobalSection
EndGlobal
